
Microsoft Visual Studio Solution File, Format Version 12.00
# Visual Studio 15
VisualStudioVersion = 15.0.28307.1209
MinimumVisualStudioVersion = 10.0.40219.1
Project("{8BC9CEB8-8B4A-11D0-8D11-00A0C91BC942}") = "MyConsoleApplication", "MyConsoleApplication\MyConsoleApplication.vcxproj", "{CA956450-4666-4E27-86F9-29D2C7CD31D9}"
EndProject
Global
	GlobalSection(SolutionConfigurationPlatforms) = preSolution
		Debug|x64 = Debug|x64
		Debug|x86 = Debug|x86
		Release|x64 = Release|x64
		Release|x86 = Release|x86
	EndGlobalSection
	GlobalSection(ProjectConfigurationPlatforms) = postSolution
		{CA956450-4666-4E27-86F9-29D2C7CD31D9}.Debug|x64.ActiveCfg = Debug|x64
		{CA956450-4666-4E27-86F9-29D2C7CD31D9}.Debug|x64.Build.0 = Debug|x64
		{CA956450-4666-4E27-86F9-29D2C7CD31D9}.Debug|x86.ActiveCfg = Debug|Win32
		{CA956450-4666-4E27-86F9-29D2C7CD31D9}.Debug|x86.Build.0 = Debug|Win32
		{CA956450-4666-4E27-86F9-29D2C7CD31D9}.Release|x64.ActiveCfg = Release|x64
		{CA956450-4666-4E27-86F9-29D2C7CD31D9}.Release|x64.Build.0 = Release|x64
		{CA956450-4666-4E27-86F9-29D2C7CD31D9}.Release|x86.ActiveCfg = Release|Win32
		{CA956450-4666-4E27-86F9-29D2C7CD31D9}.Release|x86.Build.0 = Release|Win32
	EndGlobalSection
	GlobalSection(SolutionProperties) = preSolution
		HideSolutionNode = FALSE
	EndGlobalSection
	GlobalSection(ExtensibilityGlobals) = postSolution
		SolutionGuid = {46C6E843-88E1-4629-B60C-F3D7375B1F84}
	EndGlobalSection
EndGlobal
